
Microsoft Visual Studio Solution File, Format Version 12.00
# Visual Studio Version 16
VisualStudioVersion = 16.0.33529.622
MinimumVisualStudioVersion = 10.0.40219.1
Project("{8BC9CEB8-8B4A-11D0-8D11-00A0C91BC942}") = "LSH_Projects01", "LSH_Projects01\LSH_Projects01.vcxproj", "{6C12AD8D-E027-4D45-B4C2-50278FCB15AE}"
EndProject
Project("{2150E333-8FDC-42A3-9474-1A3956D46DE8}") = "CLang", "CLang", "{8C887B17-DB9A-49FB-A979-D1D4D47401E5}"
	ProjectSection(SolutionItems) = preProject
		LinkedList_2.h = LinkedList_2.h
	EndProjectSection
EndProject
Project("{2150E333-8FDC-42A3-9474-1A3956D46DE8}") = "C++", "C++", "{666A29C4-859C-4E6F-A474-0D6182479851}"
EndProject
Project("{8BC9CEB8-8B4A-11D0-8D11-00A0C91BC942}") = "C_Lang_01", "C_Lang_01\C_Lang_01.vcxproj", "{C42EE0A8-DDE2-4A27-9768-2E87CCDC7682}"
EndProject
Project("{8BC9CEB8-8B4A-11D0-8D11-00A0C91BC942}") = "C_Lang_02", "C_Lang_02\C_Lang_02.vcxproj", "{840618AE-073C-4B02-BAF6-73E27EA408A7}"
EndProject
Project("{8BC9CEB8-8B4A-11D0-8D11-00A0C91BC942}") = "LinkedList_0", "LinkedList_0\LinkedList_0.vcxproj", "{3D744B7F-0ADE-4BC4-8D40-1CD5CCD65517}"
EndProject
Project("{8BC9CEB8-8B4A-11D0-8D11-00A0C91BC942}") = "File_IO", "File_IO\File_IO.vcxproj", "{5706CEF1-974C-4E87-9A3C-B895268F90F0}"
EndProject
Project("{8BC9CEB8-8B4A-11D0-8D11-00A0C91BC942}") = "C++_0", "C++_0\C++_0.vcxproj", "{91371830-C9C5-4D9D-94A8-4E452DC92F5F}"
EndProject
Project("{8BC9CEB8-8B4A-11D0-8D11-00A0C91BC942}") = "Magic_Square", "Magic_Square\Magic_Square.vcxproj", "{EA22B378-7DC7-4377-AF40-8C261F5A5300}"
EndProject
Project("{8BC9CEB8-8B4A-11D0-8D11-00A0C91BC942}") = "LinkedList_1", "LinkedList_1\LinkedList_1.vcxproj", "{9028B387-7C96-45F3-889C-BB4E8538F5FF}"
EndProject
Project("{8BC9CEB8-8B4A-11D0-8D11-00A0C91BC942}") = "LinkedList_2", "LinkedList_2\LinkedList_2.vcxproj", "{F65935AB-637A-41C7-8C59-F53505583938}"
EndProject
Project("{8BC9CEB8-8B4A-11D0-8D11-00A0C91BC942}") = "MergeSort", "MergeSort\MergeSort.vcxproj", "{2D55C0B7-CE37-44CA-9703-B8D2DCBD52BA}"
EndProject
Project("{8BC9CEB8-8B4A-11D0-8D11-00A0C91BC942}") = "QuickSort", "QuickSort\QuickSort.vcxproj", "{B2451A17-A0C2-49AE-AE97-B134F7ECC592}"
EndProject
Project("{8BC9CEB8-8B4A-11D0-8D11-00A0C91BC942}") = "Management", "Management\Management.vcxproj", "{63E3804C-5417-4095-8CB6-D77D580AD5C3}"
EndProject
Project("{8BC9CEB8-8B4A-11D0-8D11-00A0C91BC942}") = "Management2", "Management2\Management2.vcxproj", "{31F2A7DA-393B-479C-BD49-FD47CE555433}"
EndProject
Project("{2150E333-8FDC-42A3-9474-1A3956D46DE8}") = "WinAPI", "WinAPI", "{8951FA8B-F0FF-4411-A413-C2234FCCB8E3}"
EndProject
Project("{8BC9CEB8-8B4A-11D0-8D11-00A0C91BC942}") = "TestGame", "TestGame\TestGame.vcxproj", "{C599D1D5-4ACE-4D23-BCEA-99A3C7A230A4}"
EndProject
Project("{8BC9CEB8-8B4A-11D0-8D11-00A0C91BC942}") = "C++_1", "C++_1\C++_1.vcxproj", "{361A2D5F-81D0-49A4-951C-018ECCADAFA7}"
EndProject
Project("{8BC9CEB8-8B4A-11D0-8D11-00A0C91BC942}") = "QuadTree", "QuadTree\QuadTree.vcxproj", "{AB8E2CCD-CB11-454D-966C-B0411DBD4E27}"
EndProject
Project("{8BC9CEB8-8B4A-11D0-8D11-00A0C91BC942}") = "OctTree", "OctTree\OctTree.vcxproj", "{38BF65AE-925B-48F1-8313-92B0564FC57F}"
EndProject
Project("{8BC9CEB8-8B4A-11D0-8D11-00A0C91BC942}") = "MyOctTree", "MyOctTree\MyOctTree.vcxproj", "{F3B9CC82-C912-4AEB-B5DC-D613B49CBA89}"
EndProject
Global
	GlobalSection(SolutionConfigurationPlatforms) = preSolution
		Debug|x64 = Debug|x64
		Debug|x86 = Debug|x86
		Release|x64 = Release|x64
		Release|x86 = Release|x86
	EndGlobalSection
	GlobalSection(ProjectConfigurationPlatforms) = postSolution
		{6C12AD8D-E027-4D45-B4C2-50278FCB15AE}.Debug|x64.ActiveCfg = Debug|x64
		{6C12AD8D-E027-4D45-B4C2-50278FCB15AE}.Debug|x64.Build.0 = Debug|x64
		{6C12AD8D-E027-4D45-B4C2-50278FCB15AE}.Debug|x86.ActiveCfg = Debug|Win32
		{6C12AD8D-E027-4D45-B4C2-50278FCB15AE}.Debug|x86.Build.0 = Debug|Win32
		{6C12AD8D-E027-4D45-B4C2-50278FCB15AE}.Release|x64.ActiveCfg = Release|x64
		{6C12AD8D-E027-4D45-B4C2-50278FCB15AE}.Release|x64.Build.0 = Release|x64
		{6C12AD8D-E027-4D45-B4C2-50278FCB15AE}.Release|x86.ActiveCfg = Release|Win32
		{6C12AD8D-E027-4D45-B4C2-50278FCB15AE}.Release|x86.Build.0 = Release|Win32
		{C42EE0A8-DDE2-4A27-9768-2E87CCDC7682}.Debug|x64.ActiveCfg = Debug|x64
		{C42EE0A8-DDE2-4A27-9768-2E87CCDC7682}.Debug|x64.Build.0 = Debug|x64
		{C42EE0A8-DDE2-4A27-9768-2E87CCDC7682}.Debug|x86.ActiveCfg = Debug|Win32
		{C42EE0A8-DDE2-4A27-9768-2E87CCDC7682}.Debug|x86.Build.0 = Debug|Win32
		{C42EE0A8-DDE2-4A27-9768-2E87CCDC7682}.Release|x64.ActiveCfg = Release|x64
		{C42EE0A8-DDE2-4A27-9768-2E87CCDC7682}.Release|x64.Build.0 = Release|x64
		{C42EE0A8-DDE2-4A27-9768-2E87CCDC7682}.Release|x86.ActiveCfg = Release|Win32
		{C42EE0A8-DDE2-4A27-9768-2E87CCDC7682}.Release|x86.Build.0 = Release|Win32
		{840618AE-073C-4B02-BAF6-73E27EA408A7}.Debug|x64.ActiveCfg = Debug|x64
		{840618AE-073C-4B02-BAF6-73E27EA408A7}.Debug|x64.Build.0 = Debug|x64
		{840618AE-073C-4B02-BAF6-73E27EA408A7}.Debug|x86.ActiveCfg = Debug|Win32
		{840618AE-073C-4B02-BAF6-73E27EA408A7}.Debug|x86.Build.0 = Debug|Win32
		{840618AE-073C-4B02-BAF6-73E27EA408A7}.Release|x64.ActiveCfg = Release|x64
		{840618AE-073C-4B02-BAF6-73E27EA408A7}.Release|x64.Build.0 = Release|x64
		{840618AE-073C-4B02-BAF6-73E27EA408A7}.Release|x86.ActiveCfg = Release|Win32
		{840618AE-073C-4B02-BAF6-73E27EA408A7}.Release|x86.Build.0 = Release|Win32
		{3D744B7F-0ADE-4BC4-8D40-1CD5CCD65517}.Debug|x64.ActiveCfg = Debug|x64
		{3D744B7F-0ADE-4BC4-8D40-1CD5CCD65517}.Debug|x64.Build.0 = Debug|x64
		{3D744B7F-0ADE-4BC4-8D40-1CD5CCD65517}.Debug|x86.ActiveCfg = Debug|Win32
		{3D744B7F-0ADE-4BC4-8D40-1CD5CCD65517}.Debug|x86.Build.0 = Debug|Win32
		{3D744B7F-0ADE-4BC4-8D40-1CD5CCD65517}.Release|x64.ActiveCfg = Release|x64
		{3D744B7F-0ADE-4BC4-8D40-1CD5CCD65517}.Release|x64.Build.0 = Release|x64
		{3D744B7F-0ADE-4BC4-8D40-1CD5CCD65517}.Release|x86.ActiveCfg = Release|Win32
		{3D744B7F-0ADE-4BC4-8D40-1CD5CCD65517}.Release|x86.Build.0 = Release|Win32
		{5706CEF1-974C-4E87-9A3C-B895268F90F0}.Debug|x64.ActiveCfg = Debug|x64
		{5706CEF1-974C-4E87-9A3C-B895268F90F0}.Debug|x64.Build.0 = Debug|x64
		{5706CEF1-974C-4E87-9A3C-B895268F90F0}.Debug|x86.ActiveCfg = Debug|Win32
		{5706CEF1-974C-4E87-9A3C-B895268F90F0}.Debug|x86.Build.0 = Debug|Win32
		{5706CEF1-974C-4E87-9A3C-B895268F90F0}.Release|x64.ActiveCfg = Release|x64
		{5706CEF1-974C-4E87-9A3C-B895268F90F0}.Release|x64.Build.0 = Release|x64
		{5706CEF1-974C-4E87-9A3C-B895268F90F0}.Release|x86.ActiveCfg = Release|Win32
		{5706CEF1-974C-4E87-9A3C-B895268F90F0}.Release|x86.Build.0 = Release|Win32
		{91371830-C9C5-4D9D-94A8-4E452DC92F5F}.Debug|x64.ActiveCfg = Debug|x64
		{91371830-C9C5-4D9D-94A8-4E452DC92F5F}.Debug|x64.Build.0 = Debug|x64
		{91371830-C9C5-4D9D-94A8-4E452DC92F5F}.Debug|x86.ActiveCfg = Debug|Win32
		{91371830-C9C5-4D9D-94A8-4E452DC92F5F}.Debug|x86.Build.0 = Debug|Win32
		{91371830-C9C5-4D9D-94A8-4E452DC92F5F}.Release|x64.ActiveCfg = Release|x64
		{91371830-C9C5-4D9D-94A8-4E452DC92F5F}.Release|x64.Build.0 = Release|x64
		{91371830-C9C5-4D9D-94A8-4E452DC92F5F}.Release|x86.ActiveCfg = Release|Win32
		{91371830-C9C5-4D9D-94A8-4E452DC92F5F}.Release|x86.Build.0 = Release|Win32
		{EA22B378-7DC7-4377-AF40-8C261F5A5300}.Debug|x64.ActiveCfg = Debug|x64
		{EA22B378-7DC7-4377-AF40-8C261F5A5300}.Debug|x64.Build.0 = Debug|x64
		{EA22B378-7DC7-4377-AF40-8C261F5A5300}.Debug|x86.ActiveCfg = Debug|Win32
		{EA22B378-7DC7-4377-AF40-8C261F5A5300}.Debug|x86.Build.0 = Debug|Win32
		{EA22B378-7DC7-4377-AF40-8C261F5A5300}.Release|x64.ActiveCfg = Release|x64
		{EA22B378-7DC7-4377-AF40-8C261F5A5300}.Release|x64.Build.0 = Release|x64
		{EA22B378-7DC7-4377-AF40-8C261F5A5300}.Release|x86.ActiveCfg = Release|Win32
		{EA22B378-7DC7-4377-AF40-8C261F5A5300}.Release|x86.Build.0 = Release|Win32
		{9028B387-7C96-45F3-889C-BB4E8538F5FF}.Debug|x64.ActiveCfg = Debug|x64
		{9028B387-7C96-45F3-889C-BB4E8538F5FF}.Debug|x64.Build.0 = Debug|x64
		{9028B387-7C96-45F3-889C-BB4E8538F5FF}.Debug|x86.ActiveCfg = Debug|Win32
		{9028B387-7C96-45F3-889C-BB4E8538F5FF}.Debug|x86.Build.0 = Debug|Win32
		{9028B387-7C96-45F3-889C-BB4E8538F5FF}.Release|x64.ActiveCfg = Release|x64
		{9028B387-7C96-45F3-889C-BB4E8538F5FF}.Release|x64.Build.0 = Release|x64
		{9028B387-7C96-45F3-889C-BB4E8538F5FF}.Release|x86.ActiveCfg = Release|Win32
		{9028B387-7C96-45F3-889C-BB4E8538F5FF}.Release|x86.Build.0 = Release|Win32
		{F65935AB-637A-41C7-8C59-F53505583938}.Debug|x64.ActiveCfg = Debug|x64
		{F65935AB-637A-41C7-8C59-F53505583938}.Debug|x64.Build.0 = Debug|x64
		{F65935AB-637A-41C7-8C59-F53505583938}.Debug|x86.ActiveCfg = Debug|Win32
		{F65935AB-637A-41C7-8C59-F53505583938}.Debug|x86.Build.0 = Debug|Win32
		{F65935AB-637A-41C7-8C59-F53505583938}.Release|x64.ActiveCfg = Release|x64
		{F65935AB-637A-41C7-8C59-F53505583938}.Release|x64.Build.0 = Release|x64
		{F65935AB-637A-41C7-8C59-F53505583938}.Release|x86.ActiveCfg = Release|Win32
		{F65935AB-637A-41C7-8C59-F53505583938}.Release|x86.Build.0 = Release|Win32
		{2D55C0B7-CE37-44CA-9703-B8D2DCBD52BA}.Debug|x64.ActiveCfg = Debug|x64
		{2D55C0B7-CE37-44CA-9703-B8D2DCBD52BA}.Debug|x64.Build.0 = Debug|x64
		{2D55C0B7-CE37-44CA-9703-B8D2DCBD52BA}.Debug|x86.ActiveCfg = Debug|Win32
		{2D55C0B7-CE37-44CA-9703-B8D2DCBD52BA}.Debug|x86.Build.0 = Debug|Win32
		{2D55C0B7-CE37-44CA-9703-B8D2DCBD52BA}.Release|x64.ActiveCfg = Release|x64
		{2D55C0B7-CE37-44CA-9703-B8D2DCBD52BA}.Release|x64.Build.0 = Release|x64
		{2D55C0B7-CE37-44CA-9703-B8D2DCBD52BA}.Release|x86.ActiveCfg = Release|Win32
		{2D55C0B7-CE37-44CA-9703-B8D2DCBD52BA}.Release|x86.Build.0 = Release|Win32
		{B2451A17-A0C2-49AE-AE97-B134F7ECC592}.Debug|x64.ActiveCfg = Debug|x64
		{B2451A17-A0C2-49AE-AE97-B134F7ECC592}.Debug|x64.Build.0 = Debug|x64
		{B2451A17-A0C2-49AE-AE97-B134F7ECC592}.Debug|x86.ActiveCfg = Debug|Win32
		{B2451A17-A0C2-49AE-AE97-B134F7ECC592}.Debug|x86.Build.0 = Debug|Win32
		{B2451A17-A0C2-49AE-AE97-B134F7ECC592}.Release|x64.ActiveCfg = Release|x64
		{B2451A17-A0C2-49AE-AE97-B134F7ECC592}.Release|x64.Build.0 = Release|x64
		{B2451A17-A0C2-49AE-AE97-B134F7ECC592}.Release|x86.ActiveCfg = Release|Win32
		{B2451A17-A0C2-49AE-AE97-B134F7ECC592}.Release|x86.Build.0 = Release|Win32
		{63E3804C-5417-4095-8CB6-D77D580AD5C3}.Debug|x64.ActiveCfg = Debug|x64
		{63E3804C-5417-4095-8CB6-D77D580AD5C3}.Debug|x64.Build.0 = Debug|x64
		{63E3804C-5417-4095-8CB6-D77D580AD5C3}.Debug|x86.ActiveCfg = Debug|Win32
		{63E3804C-5417-4095-8CB6-D77D580AD5C3}.Debug|x86.Build.0 = Debug|Win32
		{63E3804C-5417-4095-8CB6-D77D580AD5C3}.Release|x64.ActiveCfg = Release|x64
		{63E3804C-5417-4095-8CB6-D77D580AD5C3}.Release|x64.Build.0 = Release|x64
		{63E3804C-5417-4095-8CB6-D77D580AD5C3}.Release|x86.ActiveCfg = Release|Win32
		{63E3804C-5417-4095-8CB6-D77D580AD5C3}.Release|x86.Build.0 = Release|Win32
		{31F2A7DA-393B-479C-BD49-FD47CE555433}.Debug|x64.ActiveCfg = Debug|x64
		{31F2A7DA-393B-479C-BD49-FD47CE555433}.Debug|x64.Build.0 = Debug|x64
		{31F2A7DA-393B-479C-BD49-FD47CE555433}.Debug|x86.ActiveCfg = Debug|Win32
		{31F2A7DA-393B-479C-BD49-FD47CE555433}.Debug|x86.Build.0 = Debug|Win32
		{31F2A7DA-393B-479C-BD49-FD47CE555433}.Release|x64.ActiveCfg = Release|x64
		{31F2A7DA-393B-479C-BD49-FD47CE555433}.Release|x64.Build.0 = Release|x64
		{31F2A7DA-393B-479C-BD49-FD47CE555433}.Release|x86.ActiveCfg = Release|Win32
		{31F2A7DA-393B-479C-BD49-FD47CE555433}.Release|x86.Build.0 = Release|Win32
		{C599D1D5-4ACE-4D23-BCEA-99A3C7A230A4}.Debug|x64.ActiveCfg = Debug|x64
		{C599D1D5-4ACE-4D23-BCEA-99A3C7A230A4}.Debug|x64.Build.0 = Debug|x64
		{C599D1D5-4ACE-4D23-BCEA-99A3C7A230A4}.Debug|x86.ActiveCfg = Debug|Win32
		{C599D1D5-4ACE-4D23-BCEA-99A3C7A230A4}.Debug|x86.Build.0 = Debug|Win32
		{C599D1D5-4ACE-4D23-BCEA-99A3C7A230A4}.Release|x64.ActiveCfg = Release|x64
		{C599D1D5-4ACE-4D23-BCEA-99A3C7A230A4}.Release|x64.Build.0 = Release|x64
		{C599D1D5-4ACE-4D23-BCEA-99A3C7A230A4}.Release|x86.ActiveCfg = Release|Win32
		{C599D1D5-4ACE-4D23-BCEA-99A3C7A230A4}.Release|x86.Build.0 = Release|Win32
		{361A2D5F-81D0-49A4-951C-018ECCADAFA7}.Debug|x64.ActiveCfg = Debug|x64
		{361A2D5F-81D0-49A4-951C-018ECCADAFA7}.Debug|x64.Build.0 = Debug|x64
		{361A2D5F-81D0-49A4-951C-018ECCADAFA7}.Debug|x86.ActiveCfg = Debug|Win32
		{361A2D5F-81D0-49A4-951C-018ECCADAFA7}.Debug|x86.Build.0 = Debug|Win32
		{361A2D5F-81D0-49A4-951C-018ECCADAFA7}.Release|x64.ActiveCfg = Release|x64
		{361A2D5F-81D0-49A4-951C-018ECCADAFA7}.Release|x64.Build.0 = Release|x64
		{361A2D5F-81D0-49A4-951C-018ECCADAFA7}.Release|x86.ActiveCfg = Release|Win32
		{361A2D5F-81D0-49A4-951C-018ECCADAFA7}.Release|x86.Build.0 = Release|Win32
		{AB8E2CCD-CB11-454D-966C-B0411DBD4E27}.Debug|x64.ActiveCfg = Debug|x64
		{AB8E2CCD-CB11-454D-966C-B0411DBD4E27}.Debug|x64.Build.0 = Debug|x64
		{AB8E2CCD-CB11-454D-966C-B0411DBD4E27}.Debug|x86.ActiveCfg = Debug|Win32
		{AB8E2CCD-CB11-454D-966C-B0411DBD4E27}.Debug|x86.Build.0 = Debug|Win32
		{AB8E2CCD-CB11-454D-966C-B0411DBD4E27}.Release|x64.ActiveCfg = Release|x64
		{AB8E2CCD-CB11-454D-966C-B0411DBD4E27}.Release|x64.Build.0 = Release|x64
		{AB8E2CCD-CB11-454D-966C-B0411DBD4E27}.Release|x86.ActiveCfg = Release|Win32
		{AB8E2CCD-CB11-454D-966C-B0411DBD4E27}.Release|x86.Build.0 = Release|Win32
		{38BF65AE-925B-48F1-8313-92B0564FC57F}.Debug|x64.ActiveCfg = Debug|x64
		{38BF65AE-925B-48F1-8313-92B0564FC57F}.Debug|x64.Build.0 = Debug|x64
		{38BF65AE-925B-48F1-8313-92B0564FC57F}.Debug|x86.ActiveCfg = Debug|Win32
		{38BF65AE-925B-48F1-8313-92B0564FC57F}.Debug|x86.Build.0 = Debug|Win32
		{38BF65AE-925B-48F1-8313-92B0564FC57F}.Release|x64.ActiveCfg = Release|x64
		{38BF65AE-925B-48F1-8313-92B0564FC57F}.Release|x64.Build.0 = Release|x64
		{38BF65AE-925B-48F1-8313-92B0564FC57F}.Release|x86.ActiveCfg = Release|Win32
		{38BF65AE-925B-48F1-8313-92B0564FC57F}.Release|x86.Build.0 = Release|Win32
		{F3B9CC82-C912-4AEB-B5DC-D613B49CBA89}.Debug|x64.ActiveCfg = Debug|x64
		{F3B9CC82-C912-4AEB-B5DC-D613B49CBA89}.Debug|x64.Build.0 = Debug|x64
		{F3B9CC82-C912-4AEB-B5DC-D613B49CBA89}.Debug|x86.ActiveCfg = Debug|Win32
		{F3B9CC82-C912-4AEB-B5DC-D613B49CBA89}.Debug|x86.Build.0 = Debug|Win32
		{F3B9CC82-C912-4AEB-B5DC-D613B49CBA89}.Release|x64.ActiveCfg = Release|x64
		{F3B9CC82-C912-4AEB-B5DC-D613B49CBA89}.Release|x64.Build.0 = Release|x64
		{F3B9CC82-C912-4AEB-B5DC-D613B49CBA89}.Release|x86.ActiveCfg = Release|Win32
		{F3B9CC82-C912-4AEB-B5DC-D613B49CBA89}.Release|x86.Build.0 = Release|Win32
	EndGlobalSection
	GlobalSection(SolutionProperties) = preSolution
		HideSolutionNode = FALSE
	EndGlobalSection
	GlobalSection(NestedProjects) = preSolution
		{C42EE0A8-DDE2-4A27-9768-2E87CCDC7682} = {8C887B17-DB9A-49FB-A979-D1D4D47401E5}
		{840618AE-073C-4B02-BAF6-73E27EA408A7} = {8C887B17-DB9A-49FB-A979-D1D4D47401E5}
		{3D744B7F-0ADE-4BC4-8D40-1CD5CCD65517} = {8C887B17-DB9A-49FB-A979-D1D4D47401E5}
		{5706CEF1-974C-4E87-9A3C-B895268F90F0} = {8C887B17-DB9A-49FB-A979-D1D4D47401E5}
		{91371830-C9C5-4D9D-94A8-4E452DC92F5F} = {666A29C4-859C-4E6F-A474-0D6182479851}
		{EA22B378-7DC7-4377-AF40-8C261F5A5300} = {8C887B17-DB9A-49FB-A979-D1D4D47401E5}
		{9028B387-7C96-45F3-889C-BB4E8538F5FF} = {8C887B17-DB9A-49FB-A979-D1D4D47401E5}
		{F65935AB-637A-41C7-8C59-F53505583938} = {8C887B17-DB9A-49FB-A979-D1D4D47401E5}
		{2D55C0B7-CE37-44CA-9703-B8D2DCBD52BA} = {8C887B17-DB9A-49FB-A979-D1D4D47401E5}
		{B2451A17-A0C2-49AE-AE97-B134F7ECC592} = {666A29C4-859C-4E6F-A474-0D6182479851}
		{63E3804C-5417-4095-8CB6-D77D580AD5C3} = {666A29C4-859C-4E6F-A474-0D6182479851}
		{31F2A7DA-393B-479C-BD49-FD47CE555433} = {666A29C4-859C-4E6F-A474-0D6182479851}
		{C599D1D5-4ACE-4D23-BCEA-99A3C7A230A4} = {8951FA8B-F0FF-4411-A413-C2234FCCB8E3}
		{361A2D5F-81D0-49A4-951C-018ECCADAFA7} = {666A29C4-859C-4E6F-A474-0D6182479851}
		{AB8E2CCD-CB11-454D-966C-B0411DBD4E27} = {666A29C4-859C-4E6F-A474-0D6182479851}
		{38BF65AE-925B-48F1-8313-92B0564FC57F} = {666A29C4-859C-4E6F-A474-0D6182479851}
		{F3B9CC82-C912-4AEB-B5DC-D613B49CBA89} = {666A29C4-859C-4E6F-A474-0D6182479851}
	EndGlobalSection
	GlobalSection(ExtensibilityGlobals) = postSolution
		SolutionGuid = {94C2EB56-3B01-4644-A8B4-7549E4744E86}
	EndGlobalSection
EndGlobal
